
Microsoft Visual Studio Solution File, Format Version 12.00
# Visual Studio Version 17
VisualStudioVersion = 17.9.34616.47
MinimumVisualStudioVersion = 10.0.40219.1
Project("{F2A71F9B-5D33-465A-A702-920D77279786}") = "Rinha", "Rinha\Rinha.fsproj", "{693211B3-550A-4353-9C43-9B1D04192FD9}"
EndProject
Global
	GlobalSection(SolutionConfigurationPlatforms) = preSolution
		Debug|Any CPU = Debug|Any CPU
		Release|Any CPU = Release|Any CPU
	EndGlobalSection
	GlobalSection(ProjectConfigurationPlatforms) = postSolution
		{693211B3-550A-4353-9C43-9B1D04192FD9}.Debug|Any CPU.ActiveCfg = Debug|Any CPU
		{693211B3-550A-4353-9C43-9B1D04192FD9}.Debug|Any CPU.Build.0 = Debug|Any CPU
		{693211B3-550A-4353-9C43-9B1D04192FD9}.Release|Any CPU.ActiveCfg = Release|Any CPU
		{693211B3-550A-4353-9C43-9B1D04192FD9}.Release|Any CPU.Build.0 = Release|Any CPU
	EndGlobalSection
	GlobalSection(SolutionProperties) = preSolution
		HideSolutionNode = FALSE
	EndGlobalSection
	GlobalSection(ExtensibilityGlobals) = postSolution
		SolutionGuid = {B9EE5D7C-E43A-4616-8CA2-AA9B8A257876}
	EndGlobalSection
EndGlobal
